{
  "version": 1,
  "dependencies": {
    "net6.0": {
      "CommandLineParser": {
        "type": "Direct",
        "requested": "[2.8.0, )",
        "resolved": "2.8.0",
        "contentHash": "eco2HlKQBY4Joz9odHigzGpVzv6pjsXnY5lziioMveQxr+i2Z7xYcIOMeZTgYiqnMtMAbXMXsVhrNfWO5vJS8Q=="
      },
      "LeagueToolkit": {
        "type": "Direct",
        "requested": "[4.0.0-beta.22, )",
        "resolved": "4.0.0-beta.22",
        "contentHash": "VZT3c8sTFJfl3+Sw2ZwGElWKHcKyvGrZQd3g3CNGueI08XnIvOlVJFANFRmgQ55raN0PFZX4KUjraPdW48igWQ==",
        "dependencies": {
          "CommunityToolkit.Diagnostics": "8.1.0",
          "CommunityToolkit.HighPerformance": "8.1.0",
          "FlatSharp.Runtime": "7.0.2",
          "SharpGLTF.Toolkit": "1.0.0-alpha0028",
          "SixLabors.ImageSharp": "2.1.3",
          "XXHash3.NET": "2.1.0",
          "ZstdSharp.Port": "0.6.7"
        }
      },
      "LeagueToolkit.IO.Extensions": {
        "type": "Direct",
        "requested": "[4.0.0-beta.22, )",
        "resolved": "4.0.0-beta.22",
        "contentHash": "25sOm8CzyPaga2F/3xrw+rhMNROofmIIxjC+CkaLTiTHcxU9XOgRNxwnJnJ5K0YXC7lvF4MC8bzmq3Ur3C1vWg==",
        "dependencies": {
          "LeagueToolkit": "4.0.0-beta.22",
          "LeagueToolkit.Meta.Classes": "4.0.0-beta.22",
          "SharpGLTF.Toolkit": "1.0.0-alpha0028"
        }
      },
      "SixLabors.ImageSharp": {
        "type": "Direct",
        "requested": "[2.1.3, )",
        "resolved": "2.1.3",
        "contentHash": "8yonNRWX3vUE9k29ta0Hbfa0AEc0hbDjSH/nZ3vOTJEXmY6hLnGsjDKoz96Z+AgOsrdkAu6PdL/Ebaf70aitzw==",
        "dependencies": {
          "System.Runtime.CompilerServices.Unsafe": "5.0.0",
          "System.Text.Encoding.CodePages": "5.0.0"
        }
      },
      "CommunityToolkit.Diagnostics": {
        "type": "Transitive",
        "resolved": "8.1.0",
        "contentHash": "R9h5uw8W2ADbmzrJpUJHH7cBpOE2g7jJ0mL/6sJEucfDvTWk3Uq/d4ZgWfVsQTf+MX8wAsWEYsc+UNfeZ3o6LQ=="
      },
      "CommunityToolkit.HighPerformance": {
        "type": "Transitive",
        "resolved": "8.1.0",
        "contentHash": "kgDi65k02hrgnHy3N0xENecsr0spW13RdIA1tipovi9t16gKziI7uZIu3qkxz0GctCHNM4hfeqXYg//6wHJ6Kw=="
      },
      "FlatSharp.Runtime": {
        "type": "Transitive",
        "resolved": "7.0.2",
        "contentHash": "mTD5DWtCfYwvgm+7qRvbEAwqXuBQ3HsJnOyiAdNE2932IJhwkCf/LyHF/KBYGnbABKtAL3xZih+krG18f6eNqQ==",
        "dependencies": {
          "System.Memory": "4.5.5"
        }
      },
      "LeagueToolkit.Meta.Classes": {
        "type": "Transitive",
        "resolved": "4.0.0-beta.22",
        "contentHash": "jBrV/Ce9cp+E3Ky4dQ/IUJqwaoJon2YdHc9vCbWak5C6Bxnoyv+N2Lc6CCO48dkM2RuBPhKDrm+5G95XWOgXZQ==",
        "dependencies": {
          "LeagueToolkit": "4.0.0-beta.22"
        }
      },
      "Microsoft.NETCore.Platforms": {
        "type": "Transitive",
        "resolved": "5.0.0",
        "contentHash": "VyPlqzH2wavqquTcYpkIIAQ6WdenuKoFN0BdYBbCWsclXacSOHNQn66Gt4z5NBqEYW0FAPm5rlvki9ZiCij5xQ=="
      },
      "SharpGLTF.Core": {
        "type": "Transitive",
        "resolved": "1.0.0-alpha0028",
        "contentHash": "ALHHo0St08I77sZGEf/eFOIpSFF8aP/nbWNIvh27omQz/ds9MJADU4aF4MyOrHaW4Ir4bwZ1xF3QLwKyIH3Oow=="
      },
      "SharpGLTF.Toolkit": {
        "type": "Transitive",
        "resolved": "1.0.0-alpha0028",
        "contentHash": "CNw7Cc0vPtbeqag4Jv+/x7Dgc5Vfcz6PmE5TiVzfsyLho4uEve2suQO42KSJa85q8g9MeWU/cMVy0ND/9gz+Qw==",
        "dependencies": {
          "SharpGLTF.Core": "1.0.0-alpha0028"
        }
      },
      "System.Memory": {
        "type": "Transitive",
        "resolved": "4.5.5",
        "contentHash": "XIWiDvKPXaTveaB7HVganDlOCRoj03l+jrwNvcge/t8vhGYKvqV+dMv6G4SAX2NoNmN0wZfVPTAlFwZcZvVOUw=="
      },
      "System.Runtime.CompilerServices.Unsafe": {
        "type": "Transitive",
        "resolved": "5.0.0",
        "contentHash": "ZD9TMpsmYJLrxbbmdvhwt9YEgG5WntEnZ/d1eH8JBX9LBp+Ju8BSBhUGbZMNVHHomWo2KVImJhTDl2hIgw/6MA=="
      },
      "System.Text.Encoding.CodePages": {
        "type": "Transitive",
        "resolved": "5.0.0",
        "contentHash": "NyscU59xX6Uo91qvhOs2Ccho3AR2TnZPomo1Z0K6YpyztBPM/A5VbkzOO19sy3A3i1TtEnTxA7bCe3Us+r5MWg==",
        "dependencies": {
          "Microsoft.NETCore.Platforms": "5.0.0"
        }
      },
      "XXHash3.NET": {
        "type": "Transitive",
        "resolved": "2.1.0",
        "contentHash": "lLCpCFIb7Uwun3TaMcb8W2RMmMXATjwwNOD97Cmo3iXhnlrhSfGfWVOEFwRn6Ngcc3qTexPaIVDOgmPRe1mSmw==",
        "dependencies": {
          "CommunityToolkit.Diagnostics": "8.0.0"
        }
      },
      "ZstdSharp.Port": {
        "type": "Transitive",
        "resolved": "0.6.7",
        "contentHash": "h29Aow/VACXrMEAIbDC0gQmVMqccVL1LmcwW7X3iimI4wDJsPIHbV11Kf/W6ZakfcYAO1bp7eds/cwb6rysi5Q=="
      }
    },
    "net6.0/win-x64": {
      "System.Text.Encoding.CodePages": {
        "type": "Transitive",
        "resolved": "5.0.0",
        "contentHash": "NyscU59xX6Uo91qvhOs2Ccho3AR2TnZPomo1Z0K6YpyztBPM/A5VbkzOO19sy3A3i1TtEnTxA7bCe3Us+r5MWg==",
        "dependencies": {
          "Microsoft.NETCore.Platforms": "5.0.0"
        }
      }
    }
  }
}