{
  "version": 1,
  "dependencies": {
    "net6.0": {
      "CommandLineParser": {
        "type": "Direct",
        "requested": "[2.9.1, )",
        "resolved": "2.9.1",
        "contentHash": "OE0sl1/sQ37bjVsPKKtwQlWDgqaxWgtme3xZz7JssWUzg5JpMIyHgCTY9MVMxOg48fJ1AgGT3tgdH5m/kQ5xhA=="
      },
      "LeagueToolkit": {
        "type": "Direct",
        "requested": "[4.0.0-beta.35, )",
        "resolved": "4.0.0-beta.35",
        "contentHash": "3P9rNVkNr8NQ7aE4fnh9BGV1bvZXDncgnHG+aMbMtJIsoLkLsiI37KKiodQhh/IE/aqRlqqFp8bASeV102EAlQ==",
        "dependencies": {
          "CommunityToolkit.Diagnostics": "8.2.0",
          "CommunityToolkit.HighPerformance": "8.2.0",
          "FlatSharp.Runtime": "7.1.1",
          "SharpGLTF.Toolkit": "1.0.0-alpha0029",
          "SixLabors.ImageSharp": "3.1.3",
          "System.IO.Hashing": "8.0.0-preview.6.23329.7",
          "ZstdSharp.Port": "0.7.2"
        }
      },
      "LeagueToolkit.IO.Extensions": {
        "type": "Direct",
        "requested": "[4.0.0-beta.35, )",
        "resolved": "4.0.0-beta.35",
        "contentHash": "DYKwUWzZj9XBIPb7T0swCXATIgAV8mynp1RPCYiynCgQafmdkSuByn63/xet9Lk+g/zH0fuHuSHWUHwdwBJ96g==",
        "dependencies": {
          "LeagueToolkit": "4.0.0-beta.35",
          "LeagueToolkit.Meta.Classes": "4.0.0-beta.35",
          "SharpGLTF.Toolkit": "1.0.0-alpha0029"
        }
      },
      "Microsoft.NET.ILLink.Analyzers": {
        "type": "Direct",
        "requested": "[7.0.100-1.23211.1, )",
        "resolved": "7.0.100-1.23211.1",
        "contentHash": "0GvbEgDGcUQA9KuWcQU1WwYHXt1tBzNr1Nls/M57rM7NA/AndFwCaCEoJpJkmxRY7xLlPDBnmGp8h5+FNqUngg=="
      },
      "Microsoft.NET.ILLink.Tasks": {
        "type": "Direct",
        "requested": "[7.0.100-1.23211.1, )",
        "resolved": "7.0.100-1.23211.1",
        "contentHash": "tvG8XZYLjT0o3WicCyKBZysVWo1jC9HdCFmNRmddx3WbAz0UCsd0qKZqpiEo99VLA8Re+FzWK51OcRldQPbt2Q=="
      },
      "SixLabors.ImageSharp": {
        "type": "Direct",
        "requested": "[3.1.4, )",
        "resolved": "3.1.4",
        "contentHash": "lFIdxgGDA5iYkUMRFOze7BGLcdpoLFbR+a20kc1W7NepvzU7ejtxtWOg9RvgG7kb9tBoJ3ONYOK6kLil/dgF1w=="
      },
      "CommunityToolkit.Diagnostics": {
        "type": "Transitive",
        "resolved": "8.2.0",
        "contentHash": "kF2qZTYvuS+uTAWmZm4UB1rdd2/F4JidWbIiySzdCwf5UfueUBuSMWFSnTptafWRkG0F9auAp/eL5wUAvH51mg=="
      },
      "CommunityToolkit.HighPerformance": {
        "type": "Transitive",
        "resolved": "8.2.0",
        "contentHash": "iKzsPiSnXoQUN5AoApYmdfnLn9osNb+YCLWRr5PFmrDEQVIu7OeOyf4DPvNBvbqbYLZCfvHozPkulyv6zBQsFw=="
      },
      "FlatSharp.Runtime": {
        "type": "Transitive",
        "resolved": "7.1.1",
        "contentHash": "OY8LPiVXtnsd9YEhVckDxkbcpWMnyXvhXNEQPjxwhR090Ty5xo/Q4WbPcPsvN8d5VP+YFJOrHnq3hLp/GV3GAQ==",
        "dependencies": {
          "System.Memory": "4.5.5"
        }
      },
      "LeagueToolkit.Meta.Classes": {
        "type": "Transitive",
        "resolved": "4.0.0-beta.35",
        "contentHash": "mDE+YItxJrIY93wMDGSgFJkoZaUARam9N2KB2icQsbciBc62M/uvCpYjFzlRQx2mBgOR21DrTs0VGM+XS2jMdg==",
        "dependencies": {
          "LeagueToolkit": "4.0.0-beta.35"
        }
      },
      "SharpGLTF.Core": {
        "type": "Transitive",
        "resolved": "1.0.0-alpha0029",
        "contentHash": "305rGDexSmzcnhImxohr6HFtYuxYIg1WQ8nXDQvcyS6XTDt/jq3f6RFT34VXoRYk7IVvfuvKqOChYOWcHf+l1A=="
      },
      "SharpGLTF.Toolkit": {
        "type": "Transitive",
        "resolved": "1.0.0-alpha0029",
        "contentHash": "i+XnJSXqnMl2eXLBNujAe1eJXfwgtqqxsijkWOiJesALgd/EhxMKicgy8U+p6s4WP7H8FxvagA20+uxKE4QUIw==",
        "dependencies": {
          "SharpGLTF.Core": "1.0.0-alpha0029"
        }
      },
      "System.IO.Hashing": {
        "type": "Transitive",
        "resolved": "8.0.0-preview.6.23329.7",
        "contentHash": "whPq88G1DHc4PkehklafnOGPwECVG9bM9QAQihYF/uq/5+N0DBZSh+M5gGIKgant6g3F0dq1K8cST7omF0wKzw=="
      },
      "System.Memory": {
        "type": "Transitive",
        "resolved": "4.5.5",
        "contentHash": "XIWiDvKPXaTveaB7HVganDlOCRoj03l+jrwNvcge/t8vhGYKvqV+dMv6G4SAX2NoNmN0wZfVPTAlFwZcZvVOUw=="
      },
      "ZstdSharp.Port": {
        "type": "Transitive",
        "resolved": "0.7.2",
        "contentHash": "mT6Pb7qzDGapJ2ic4dAFqbzHpM+qgnasQIGR/Sofrk0fmKTQSTljG55OFXHbDJczLZWnUAFsg4bKR81uHiKzPg=="
      }
    },
    "net6.0/win-x64": {}
  }
}